{
    "_meta": {
        "hash": {
            "sha256": "8ed5a4ac78d04797dc58ab3bf1e648cec678e8fda9ea6f832333446acb016b31"
        },
        "pipfile-spec": 6,
        "requires": {
            "python_version": "3.9"
        },
        "sources": [
            {
                "name": "pypi",
                "url": "https://pypi.org/simple",
                "verify_ssl": true
            }
        ]
    },
    "default": {},
    "develop": {
        "invoke": {
            "hashes": [
                "sha256:357f0661c1d84f9f113e6164705d92eb00b35cd704c31e82efbf0f012f25e40c",
                "sha256:39020b07218c87747e85dd422510f02a8d1282c71952942324c67d9eeaae8e62",
                "sha256:621181a0efae67b3dadec583cf2c6b5096136635bf6a326c481c73db412b36fc"
            ],
            "version": "==0.22.1"
        },
        "invoke-release": {
            "hashes": [
                "sha256:54478629bdf1ce6c6e81cd9518f1f4710e9deb6de3afc3f6582bb481669c1074",
                "sha256:9bf6a401f61a70b4797a40ed8239b3ebeac732f7e025bdf8c411c9522ecf75ab"
            ],
            "index": "pypi",
            "version": "==4.6.0"
        },
        "six": {
            "hashes": [
                "sha256:70e8a77beed4562e7f14fe23a786b54f6296e34344c23bc42f07b15018ff98e9",
                "sha256:832dc0e10feb1aa2c68dcc57dbb658f1c7e65b9b61af69048abc87a2db00a0eb"
            ],
            "version": "==1.11.0"
        },
        "wheel": {
            "hashes": [
                "sha256:0a2e54558a0628f2145d2fc822137e322412115173e8a2ddbe1c9024338ae83c",
                "sha256:80044e51ec5bbf6c894ba0bc48d26a8c20a9ba629f4ca19ea26ecfcf87685f5f"
            ],
            "markers": "python_version >= '2.7' and python_version not in '3.0, 3.1, 3.2, 3.3'",
            "version": "==0.31.1"
        }
    }
}
